
Microsoft Visual Studio Solution File, Format Version 12.00
# Visual Studio Version 17
VisualStudioVersion = 17.9.34616.47
MinimumVisualStudioVersion = 10.0.40219.1
Project("{FAE04EC0-301F-11D3-BF4B-00C04F79EFBC}") = "01. Custom Doubly Linked List", "01. Custom Doubly Linked List\01. Custom Doubly Linked List.csproj", "{358EEA8E-171E-4371-B0E7-48AB69CDF1D6}"
EndProject
Global
	GlobalSection(SolutionConfigurationPlatforms) = preSolution
		Debug|Any CPU = Debug|Any CPU
		Release|Any CPU = Release|Any CPU
	EndGlobalSection
	GlobalSection(ProjectConfigurationPlatforms) = postSolution
		{358EEA8E-171E-4371-B0E7-48AB69CDF1D6}.Debug|Any CPU.ActiveCfg = Debug|Any CPU
		{358EEA8E-171E-4371-B0E7-48AB69CDF1D6}.Debug|Any CPU.Build.0 = Debug|Any CPU
		{358EEA8E-171E-4371-B0E7-48AB69CDF1D6}.Release|Any CPU.ActiveCfg = Release|Any CPU
		{358EEA8E-171E-4371-B0E7-48AB69CDF1D6}.Release|Any CPU.Build.0 = Release|Any CPU
	EndGlobalSection
	GlobalSection(SolutionProperties) = preSolution
		HideSolutionNode = FALSE
	EndGlobalSection
	GlobalSection(ExtensibilityGlobals) = postSolution
		SolutionGuid = {F8598177-3ECE-4049-9264-B19F5365B507}
	EndGlobalSection
EndGlobal
