
Microsoft Visual Studio Solution File, Format Version 12.00
# Visual Studio Version 17
VisualStudioVersion = 17.9.34616.47
MinimumVisualStudioVersion = 10.0.40219.1
Project("{FAE04EC0-301F-11D3-BF4B-00C04F79EFBC}") = "02. Sum Matrix Columns", "02. Sum Matrix Columns\02. Sum Matrix Columns.csproj", "{5A413458-8B87-46B8-8C82-1D3D80F3BBFD}"
EndProject
Global
	GlobalSection(SolutionConfigurationPlatforms) = preSolution
		Debug|Any CPU = Debug|Any CPU
		Release|Any CPU = Release|Any CPU
	EndGlobalSection
	GlobalSection(ProjectConfigurationPlatforms) = postSolution
		{5A413458-8B87-46B8-8C82-1D3D80F3BBFD}.Debug|Any CPU.ActiveCfg = Debug|Any CPU
		{5A413458-8B87-46B8-8C82-1D3D80F3BBFD}.Debug|Any CPU.Build.0 = Debug|Any CPU
		{5A413458-8B87-46B8-8C82-1D3D80F3BBFD}.Release|Any CPU.ActiveCfg = Release|Any CPU
		{5A413458-8B87-46B8-8C82-1D3D80F3BBFD}.Release|Any CPU.Build.0 = Release|Any CPU
	EndGlobalSection
	GlobalSection(SolutionProperties) = preSolution
		HideSolutionNode = FALSE
	EndGlobalSection
	GlobalSection(ExtensibilityGlobals) = postSolution
		SolutionGuid = {7ECAE901-F20D-4536-8C5B-5CEB347E2836}
	EndGlobalSection
EndGlobal
