
Microsoft Visual Studio Solution File, Format Version 12.00
# Visual Studio Version 17
VisualStudioVersion = 17.9.34616.47
MinimumVisualStudioVersion = 10.0.40219.1
Project("{FAE04EC0-301F-11D3-BF4B-00C04F79EFBC}") = "03. Largest 3 Numbers", "03. Largest 3 Numbers\03. Largest 3 Numbers.csproj", "{2E7798B8-1C5C-4205-B499-2ADD5D28243F}"
EndProject
Global
	GlobalSection(SolutionConfigurationPlatforms) = preSolution
		Debug|Any CPU = Debug|Any CPU
		Release|Any CPU = Release|Any CPU
	EndGlobalSection
	GlobalSection(ProjectConfigurationPlatforms) = postSolution
		{2E7798B8-1C5C-4205-B499-2ADD5D28243F}.Debug|Any CPU.ActiveCfg = Debug|Any CPU
		{2E7798B8-1C5C-4205-B499-2ADD5D28243F}.Debug|Any CPU.Build.0 = Debug|Any CPU
		{2E7798B8-1C5C-4205-B499-2ADD5D28243F}.Release|Any CPU.ActiveCfg = Release|Any CPU
		{2E7798B8-1C5C-4205-B499-2ADD5D28243F}.Release|Any CPU.Build.0 = Release|Any CPU
	EndGlobalSection
	GlobalSection(SolutionProperties) = preSolution
		HideSolutionNode = FALSE
	EndGlobalSection
	GlobalSection(ExtensibilityGlobals) = postSolution
		SolutionGuid = {F03EF54B-7D1C-4291-98D0-3DF0FD823665}
	EndGlobalSection
EndGlobal
