
Microsoft Visual Studio Solution File, Format Version 12.00
# Visual Studio Version 17
VisualStudioVersion = 17.9.34616.47
MinimumVisualStudioVersion = 10.0.40219.1
Project("{FAE04EC0-301F-11D3-BF4B-00C04F79EFBC}") = "03. Primary Diagonal", "03. Primary Diagonal\03. Primary Diagonal.csproj", "{86AAB7B0-9967-4492-8C18-0A4A531D36E4}"
EndProject
Global
	GlobalSection(SolutionConfigurationPlatforms) = preSolution
		Debug|Any CPU = Debug|Any CPU
		Release|Any CPU = Release|Any CPU
	EndGlobalSection
	GlobalSection(ProjectConfigurationPlatforms) = postSolution
		{86AAB7B0-9967-4492-8C18-0A4A531D36E4}.Debug|Any CPU.ActiveCfg = Debug|Any CPU
		{86AAB7B0-9967-4492-8C18-0A4A531D36E4}.Debug|Any CPU.Build.0 = Debug|Any CPU
		{86AAB7B0-9967-4492-8C18-0A4A531D36E4}.Release|Any CPU.ActiveCfg = Release|Any CPU
		{86AAB7B0-9967-4492-8C18-0A4A531D36E4}.Release|Any CPU.Build.0 = Release|Any CPU
	EndGlobalSection
	GlobalSection(SolutionProperties) = preSolution
		HideSolutionNode = FALSE
	EndGlobalSection
	GlobalSection(ExtensibilityGlobals) = postSolution
		SolutionGuid = {85206576-189C-40BE-B45C-E586439AF126}
	EndGlobalSection
EndGlobal
