
Microsoft Visual Studio Solution File, Format Version 12.00
# Visual Studio Version 17
VisualStudioVersion = 17.9.34616.47
MinimumVisualStudioVersion = 10.0.40219.1
Project("{FAE04EC0-301F-11D3-BF4B-00C04F79EFBC}") = "02. Stack Sum", "02. Stack Sum\02. Stack Sum.csproj", "{23A6AB74-D097-4489-A9A0-F399D44B0E17}"
EndProject
Global
	GlobalSection(SolutionConfigurationPlatforms) = preSolution
		Debug|Any CPU = Debug|Any CPU
		Release|Any CPU = Release|Any CPU
	EndGlobalSection
	GlobalSection(ProjectConfigurationPlatforms) = postSolution
		{23A6AB74-D097-4489-A9A0-F399D44B0E17}.Debug|Any CPU.ActiveCfg = Debug|Any CPU
		{23A6AB74-D097-4489-A9A0-F399D44B0E17}.Debug|Any CPU.Build.0 = Debug|Any CPU
		{23A6AB74-D097-4489-A9A0-F399D44B0E17}.Release|Any CPU.ActiveCfg = Release|Any CPU
		{23A6AB74-D097-4489-A9A0-F399D44B0E17}.Release|Any CPU.Build.0 = Release|Any CPU
	EndGlobalSection
	GlobalSection(SolutionProperties) = preSolution
		HideSolutionNode = FALSE
	EndGlobalSection
	GlobalSection(ExtensibilityGlobals) = postSolution
		SolutionGuid = {0EF94A83-6E35-488F-8ADF-C363BA51FBFA}
	EndGlobalSection
EndGlobal
