
Microsoft Visual Studio Solution File, Format Version 12.00
# Visual Studio Version 16
VisualStudioVersion = 16.0.33214.272
MinimumVisualStudioVersion = 10.0.40219.1
Project("{FAE04EC0-301F-11D3-BF4B-00C04F79EFBC}") = "01. Odd Lines", "01. Odd Lines.csproj", "{A11E5C58-2928-465B-B86E-D3136C3B54E4}"
EndProject
Global
	GlobalSection(SolutionConfigurationPlatforms) = preSolution
		Debug|Any CPU = Debug|Any CPU
		Release|Any CPU = Release|Any CPU
	EndGlobalSection
	GlobalSection(ProjectConfigurationPlatforms) = postSolution
		{A11E5C58-2928-465B-B86E-D3136C3B54E4}.Debug|Any CPU.ActiveCfg = Debug|Any CPU
		{A11E5C58-2928-465B-B86E-D3136C3B54E4}.Debug|Any CPU.Build.0 = Debug|Any CPU
		{A11E5C58-2928-465B-B86E-D3136C3B54E4}.Release|Any CPU.ActiveCfg = Release|Any CPU
		{A11E5C58-2928-465B-B86E-D3136C3B54E4}.Release|Any CPU.Build.0 = Release|Any CPU
	EndGlobalSection
	GlobalSection(SolutionProperties) = preSolution
		HideSolutionNode = FALSE
	EndGlobalSection
	GlobalSection(ExtensibilityGlobals) = postSolution
		SolutionGuid = {D8EFE5AC-4312-40DA-95E4-C74813B51FC4}
	EndGlobalSection
EndGlobal
