
Microsoft Visual Studio Solution File, Format Version 12.00
# Visual Studio Version 16
VisualStudioVersion = 16.0.33214.272
MinimumVisualStudioVersion = 10.0.40219.1
Project("{FAE04EC0-301F-11D3-BF4B-00C04F79EFBC}") = "08. List Of Predicates", "08. List Of Predicates.csproj", "{84E2A009-9DE0-4134-A983-1CAB0984485C}"
EndProject
Global
	GlobalSection(SolutionConfigurationPlatforms) = preSolution
		Debug|Any CPU = Debug|Any CPU
		Release|Any CPU = Release|Any CPU
	EndGlobalSection
	GlobalSection(ProjectConfigurationPlatforms) = postSolution
		{84E2A009-9DE0-4134-A983-1CAB0984485C}.Debug|Any CPU.ActiveCfg = Debug|Any CPU
		{84E2A009-9DE0-4134-A983-1CAB0984485C}.Debug|Any CPU.Build.0 = Debug|Any CPU
		{84E2A009-9DE0-4134-A983-1CAB0984485C}.Release|Any CPU.ActiveCfg = Release|Any CPU
		{84E2A009-9DE0-4134-A983-1CAB0984485C}.Release|Any CPU.Build.0 = Release|Any CPU
	EndGlobalSection
	GlobalSection(SolutionProperties) = preSolution
		HideSolutionNode = FALSE
	EndGlobalSection
	GlobalSection(ExtensibilityGlobals) = postSolution
		SolutionGuid = {ECA6FC7B-A4A1-4D85-B859-3FA5DBE000E4}
	EndGlobalSection
EndGlobal
