
Microsoft Visual Studio Solution File, Format Version 12.00
# Visual Studio Version 16
VisualStudioVersion = 16.0.33214.272
MinimumVisualStudioVersion = 10.0.40219.1
Project("{FAE04EC0-301F-11D3-BF4B-00C04F79EFBC}") = "02. Line Numbers", "02. Line Numbers.csproj", "{C8EB8AA2-646B-4946-8726-7A71C276700C}"
EndProject
Global
	GlobalSection(SolutionConfigurationPlatforms) = preSolution
		Debug|Any CPU = Debug|Any CPU
		Release|Any CPU = Release|Any CPU
	EndGlobalSection
	GlobalSection(ProjectConfigurationPlatforms) = postSolution
		{C8EB8AA2-646B-4946-8726-7A71C276700C}.Debug|Any CPU.ActiveCfg = Debug|Any CPU
		{C8EB8AA2-646B-4946-8726-7A71C276700C}.Debug|Any CPU.Build.0 = Debug|Any CPU
		{C8EB8AA2-646B-4946-8726-7A71C276700C}.Release|Any CPU.ActiveCfg = Release|Any CPU
		{C8EB8AA2-646B-4946-8726-7A71C276700C}.Release|Any CPU.Build.0 = Release|Any CPU
	EndGlobalSection
	GlobalSection(SolutionProperties) = preSolution
		HideSolutionNode = FALSE
	EndGlobalSection
	GlobalSection(ExtensibilityGlobals) = postSolution
		SolutionGuid = {4E0A8692-703E-45DC-996C-B417981D8A26}
	EndGlobalSection
EndGlobal
