
Microsoft Visual Studio Solution File, Format Version 12.00
# Visual Studio Version 17
VisualStudioVersion = 17.9.34616.47
MinimumVisualStudioVersion = 10.0.40219.1
Project("{FAE04EC0-301F-11D3-BF4B-00C04F79EFBC}") = "01. Box of T", "01. Box of T\01. Box of T.csproj", "{B4633692-B2CA-4EBE-B2BB-10A22042EF02}"
EndProject
Global
	GlobalSection(SolutionConfigurationPlatforms) = preSolution
		Debug|Any CPU = Debug|Any CPU
		Release|Any CPU = Release|Any CPU
	EndGlobalSection
	GlobalSection(ProjectConfigurationPlatforms) = postSolution
		{B4633692-B2CA-4EBE-B2BB-10A22042EF02}.Debug|Any CPU.ActiveCfg = Debug|Any CPU
		{B4633692-B2CA-4EBE-B2BB-10A22042EF02}.Debug|Any CPU.Build.0 = Debug|Any CPU
		{B4633692-B2CA-4EBE-B2BB-10A22042EF02}.Release|Any CPU.ActiveCfg = Release|Any CPU
		{B4633692-B2CA-4EBE-B2BB-10A22042EF02}.Release|Any CPU.Build.0 = Release|Any CPU
	EndGlobalSection
	GlobalSection(SolutionProperties) = preSolution
		HideSolutionNode = FALSE
	EndGlobalSection
	GlobalSection(ExtensibilityGlobals) = postSolution
		SolutionGuid = {BAE633E6-2A6D-45AA-8A90-52D066BF8606}
	EndGlobalSection
EndGlobal
