
Microsoft Visual Studio Solution File, Format Version 12.00
# Visual Studio Version 17
VisualStudioVersion = 17.9.34616.47
MinimumVisualStudioVersion = 10.0.40219.1
Project("{FAE04EC0-301F-11D3-BF4B-00C04F79EFBC}") = "04. Car, engine and tires", "04. Car, engine and tires\04. Car, engine and tires.csproj", "{7CC6BCAB-FC34-4E8D-94E9-B32090E89955}"
EndProject
Global
	GlobalSection(SolutionConfigurationPlatforms) = preSolution
		Debug|Any CPU = Debug|Any CPU
		Release|Any CPU = Release|Any CPU
	EndGlobalSection
	GlobalSection(ProjectConfigurationPlatforms) = postSolution
		{7CC6BCAB-FC34-4E8D-94E9-B32090E89955}.Debug|Any CPU.ActiveCfg = Debug|Any CPU
		{7CC6BCAB-FC34-4E8D-94E9-B32090E89955}.Debug|Any CPU.Build.0 = Debug|Any CPU
		{7CC6BCAB-FC34-4E8D-94E9-B32090E89955}.Release|Any CPU.ActiveCfg = Release|Any CPU
		{7CC6BCAB-FC34-4E8D-94E9-B32090E89955}.Release|Any CPU.Build.0 = Release|Any CPU
	EndGlobalSection
	GlobalSection(SolutionProperties) = preSolution
		HideSolutionNode = FALSE
	EndGlobalSection
	GlobalSection(ExtensibilityGlobals) = postSolution
		SolutionGuid = {D1E48B0B-6DEC-4342-A1E7-62744CF9D909}
	EndGlobalSection
EndGlobal
