
Microsoft Visual Studio Solution File, Format Version 12.00
# Visual Studio Version 17
VisualStudioVersion = 17.9.34616.47
MinimumVisualStudioVersion = 10.0.40219.1
Project("{FAE04EC0-301F-11D3-BF4B-00C04F79EFBC}") = "05. Generic Scale", "05. Generic Scale\05. Generic Scale.csproj", "{2C6B18FA-7945-4164-BD12-11A4B67DCF8C}"
EndProject
Global
	GlobalSection(SolutionConfigurationPlatforms) = preSolution
		Debug|Any CPU = Debug|Any CPU
		Release|Any CPU = Release|Any CPU
	EndGlobalSection
	GlobalSection(ProjectConfigurationPlatforms) = postSolution
		{2C6B18FA-7945-4164-BD12-11A4B67DCF8C}.Debug|Any CPU.ActiveCfg = Debug|Any CPU
		{2C6B18FA-7945-4164-BD12-11A4B67DCF8C}.Debug|Any CPU.Build.0 = Debug|Any CPU
		{2C6B18FA-7945-4164-BD12-11A4B67DCF8C}.Release|Any CPU.ActiveCfg = Release|Any CPU
		{2C6B18FA-7945-4164-BD12-11A4B67DCF8C}.Release|Any CPU.Build.0 = Release|Any CPU
	EndGlobalSection
	GlobalSection(SolutionProperties) = preSolution
		HideSolutionNode = FALSE
	EndGlobalSection
	GlobalSection(ExtensibilityGlobals) = postSolution
		SolutionGuid = {A57810F2-329D-46F9-9369-0B93FC1D2D8B}
	EndGlobalSection
EndGlobal
