
Microsoft Visual Studio Solution File, Format Version 12.00
# Visual Studio Version 16
VisualStudioVersion = 16.0.33214.272
MinimumVisualStudioVersion = 10.0.40219.1
Project("{FAE04EC0-301F-11D3-BF4B-00C04F79EFBC}") = "08. Threeuple", "08. Threeuple.csproj", "{8BAB2498-49E5-450C-AA1B-6B32DC5A3AED}"
EndProject
Global
	GlobalSection(SolutionConfigurationPlatforms) = preSolution
		Debug|Any CPU = Debug|Any CPU
		Release|Any CPU = Release|Any CPU
	EndGlobalSection
	GlobalSection(ProjectConfigurationPlatforms) = postSolution
		{8BAB2498-49E5-450C-AA1B-6B32DC5A3AED}.Debug|Any CPU.ActiveCfg = Debug|Any CPU
		{8BAB2498-49E5-450C-AA1B-6B32DC5A3AED}.Debug|Any CPU.Build.0 = Debug|Any CPU
		{8BAB2498-49E5-450C-AA1B-6B32DC5A3AED}.Release|Any CPU.ActiveCfg = Release|Any CPU
		{8BAB2498-49E5-450C-AA1B-6B32DC5A3AED}.Release|Any CPU.Build.0 = Release|Any CPU
	EndGlobalSection
	GlobalSection(SolutionProperties) = preSolution
		HideSolutionNode = FALSE
	EndGlobalSection
	GlobalSection(ExtensibilityGlobals) = postSolution
		SolutionGuid = {0643FAA3-D8AC-4FA3-B73D-8443F9BCE57C}
	EndGlobalSection
EndGlobal
